# This file is @generated by PDM.
# It is not intended for manual editing.

[metadata]
groups = ["default"]
strategy = ["cross_platform", "inherit_metadata"]
lock_version = "4.4.1"
content_hash = "sha256:96a9505a01d7dde8283887a927dab09b6d6d95bf1a5d805c4f2df820364814c4"

[[package]]
name = "podcastparser"
version = "0.6.10"
summary = "Simplified, fast RSS parser "
groups = ["default"]
files = [
    {file = "podcastparser-0.6.10-py2.py3-none-any.whl", hash = "sha256:afbeb2eda5a93e2e0e2125a3580a7bae064d6bf3233e0d898525eee54dac5ded"},
    {file = "podcastparser-0.6.10.tar.gz", hash = "sha256:2b9acb60ad46cff5230c0a3609d37e934674644bfcd5d13b18c423917e9f13d7"},
]
